
Microsoft Visual Studio Solution File, Format Version 12.00
# Visual Studio Version 17
VisualStudioVersion = 17.3.32825.248
MinimumVisualStudioVersion = 10.0.40219.1
Project("{9A19103F-16F7-4668-BE54-9A1E7A4F7556}") = "HippoAPIAssignment", "HippoAPIAssignment.csproj", "{70145528-DF2D-4765-84ED-C92EFFCE0855}"
EndProject
Global
	GlobalSection(SolutionConfigurationPlatforms) = preSolution
		Debug|Any CPU = Debug|Any CPU
		Release|Any CPU = Release|Any CPU
	EndGlobalSection
	GlobalSection(ProjectConfigurationPlatforms) = postSolution
		{70145528-DF2D-4765-84ED-C92EFFCE0855}.Debug|Any CPU.ActiveCfg = Debug|Any CPU
		{70145528-DF2D-4765-84ED-C92EFFCE0855}.Debug|Any CPU.Build.0 = Debug|Any CPU
		{70145528-DF2D-4765-84ED-C92EFFCE0855}.Release|Any CPU.ActiveCfg = Release|Any CPU
		{70145528-DF2D-4765-84ED-C92EFFCE0855}.Release|Any CPU.Build.0 = Release|Any CPU
	EndGlobalSection
	GlobalSection(SolutionProperties) = preSolution
		HideSolutionNode = FALSE
	EndGlobalSection
	GlobalSection(ExtensibilityGlobals) = postSolution
		SolutionGuid = {E07C3D1A-09FD-45BA-903D-118F227BCC17}
	EndGlobalSection
EndGlobal
